github.com/lyraproj/dgo v1.0.0-a1 h1:lFHRO6bLt2nf5HQnT5ayM+rnKmI35a82ksmjxI5RtEg=
github.com/lyraproj/dgo v1.0.0-a1/go.mod h1:a5OB9ufl1uDdwijLQ7YbDY2o1MHjxh9b5V45fYUuxto=
github.com/tada/catch v0.0.0-20200501144157-878cbcd22dd2 h1:LNmIRG60LIwaoopdX/LZWDoMX6OnZ/jZE8C79NFIQRo=
github.com/tada/catch v0.0.0-20200501144157-878cbcd22dd2/go.mod h1:mL60x4NqUvoa7GzNDLlmi6IyIX8eRqQzkgcD2cs8dWM=
