github.com/lyraproj/dgo v1.0.0-rc1 h1:n31FHg+q85zd5BN7yIVPlRKFrKsv/M4x9a+He8dJOpY=
github.com/lyraproj/dgo v1.0.0-rc1/go.mod h1:adOxyH2UbhJ0V1HKRQ/8TEqdbn7+wQhAOHj48IBnPN4=
github.com/tada/catch v0.0.0-20200501144157-878cbcd22dd2 h1:LNmIRG60LIwaoopdX/LZWDoMX6OnZ/jZE8C79NFIQRo=
github.com/tada/catch v0.0.0-20200501144157-878cbcd22dd2/go.mod h1:mL60x4NqUvoa7GzNDLlmi6IyIX8eRqQzkgcD2cs8dWM=
