github.com/lyraproj/dgo v1.0.0-rc2 h1:NBW7dUo64ylMUPDf+ahbp13e1SFVCpPLyLRtxMrX27I=
github.com/lyraproj/dgo v1.0.0-rc2/go.mod h1:adOxyH2UbhJ0V1HKRQ/8TEqdbn7+wQhAOHj48IBnPN4=
github.com/tada/catch v0.0.0-20200501144157-878cbcd22dd2 h1:LNmIRG60LIwaoopdX/LZWDoMX6OnZ/jZE8C79NFIQRo=
github.com/tada/catch v0.0.0-20200501144157-878cbcd22dd2/go.mod h1:mL60x4NqUvoa7GzNDLlmi6IyIX8eRqQzkgcD2cs8dWM=
